{
  "name": "mi",
  "version": "1.0.0",
  "lockfileVersion": 1,
  "requires": true,
  "dependencies": {
    "dom7": {
      "version": "3.0.0-alpha.9",
      "resolved": "https://registry.npm.taobao.org/dom7/download/dom7-3.0.0-alpha.9.tgz",
      "integrity": "sha1-ARDCEYG4utOh7nJEPgTTwuPx048=",
      "requires": {
        "ssr-window": "^3.0.0-alpha.1"
      }
    },
    "jquery-lazyload": {
      "version": "1.9.7",
      "resolved": "https://registry.npm.taobao.org/jquery-lazyload/download/jquery-lazyload-1.9.7.tgz",
      "integrity": "sha1-mYKziMUzwLYRIUs8WqoLn+3gcfc="
    },
    "ssr-window": {
      "version": "3.0.0-alpha.4",
      "resolved": "https://registry.npm.taobao.org/ssr-window/download/ssr-window-3.0.0-alpha.4.tgz",
      "integrity": "sha1-DGmhjEMF7MzdjhFZYVXKB7Y180U="
    },
    "swiper": {
      "version": "6.1.2",
      "resolved": "https://registry.npm.taobao.org/swiper/download/swiper-6.1.2.tgz",
      "integrity": "sha1-M0aTSRkV2lGVT6OIEVxSHfuh62o=",
      "requires": {
        "dom7": "^3.0.0-alpha.7",
        "ssr-window": "^3.0.0-alpha.4"
      }
    }
  }
}
